
Microsoft Visual Studio Solution File, Format Version 12.00
# Visual Studio Version 17
VisualStudioVersion = 17.5.33530.505
MinimumVisualStudioVersion = 10.0.40219.1
Project("{2150E333-8FDC-42A3-9474-1A3956D46DE8}") = "Microservices", "Microservices", "{F101D64A-70F5-49BA-98C5-43872CDB26AC}"
EndProject
Project("{9A19103F-16F7-4668-BE54-9A1E7A4F7556}") = "Booking Service", "Booking Service\Booking Service.csproj", "{160B2020-3CC0-4BF6-9B42-BBD535011C32}"
EndProject
Project("{FAE04EC0-301F-11D3-BF4B-00C04F79EFBC}") = "OPD Service", "OPD Service\OPD Service.csproj", "{8C28ECE3-E6B6-429A-92AE-AE7C5E23AB6A}"
EndProject
Global
	GlobalSection(SolutionConfigurationPlatforms) = preSolution
		Debug|Any CPU = Debug|Any CPU
		Release|Any CPU = Release|Any CPU
	EndGlobalSection
	GlobalSection(ProjectConfigurationPlatforms) = postSolution
		{160B2020-3CC0-4BF6-9B42-BBD535011C32}.Debug|Any CPU.ActiveCfg = Debug|Any CPU
		{160B2020-3CC0-4BF6-9B42-BBD535011C32}.Debug|Any CPU.Build.0 = Debug|Any CPU
		{160B2020-3CC0-4BF6-9B42-BBD535011C32}.Release|Any CPU.ActiveCfg = Release|Any CPU
		{160B2020-3CC0-4BF6-9B42-BBD535011C32}.Release|Any CPU.Build.0 = Release|Any CPU
		{8C28ECE3-E6B6-429A-92AE-AE7C5E23AB6A}.Debug|Any CPU.ActiveCfg = Debug|Any CPU
		{8C28ECE3-E6B6-429A-92AE-AE7C5E23AB6A}.Debug|Any CPU.Build.0 = Debug|Any CPU
		{8C28ECE3-E6B6-429A-92AE-AE7C5E23AB6A}.Release|Any CPU.ActiveCfg = Release|Any CPU
		{8C28ECE3-E6B6-429A-92AE-AE7C5E23AB6A}.Release|Any CPU.Build.0 = Release|Any CPU
	EndGlobalSection
	GlobalSection(SolutionProperties) = preSolution
		HideSolutionNode = FALSE
	EndGlobalSection
	GlobalSection(NestedProjects) = preSolution
		{160B2020-3CC0-4BF6-9B42-BBD535011C32} = {F101D64A-70F5-49BA-98C5-43872CDB26AC}
		{8C28ECE3-E6B6-429A-92AE-AE7C5E23AB6A} = {F101D64A-70F5-49BA-98C5-43872CDB26AC}
	EndGlobalSection
	GlobalSection(ExtensibilityGlobals) = postSolution
		SolutionGuid = {BD76D4EE-8F97-4F9A-A976-6CB34EB2350E}
	EndGlobalSection
EndGlobal
